
Microsoft Visual Studio Solution File, Format Version 12.00
# Visual Studio Version 16
VisualStudioVersion = 16.0.28803.202
MinimumVisualStudioVersion = 10.0.40219.1
Project("{FAE04EC0-301F-11D3-BF4B-00C04F79EFBC}") = "ConsoleApp6", "ConsoleApp6\ConsoleApp6.csproj", "{C2451087-9BF5-4BB7-8430-F14F4F9B497D}"
EndProject
Global
	GlobalSection(SolutionConfigurationPlatforms) = preSolution
		Debug|Any CPU = Debug|Any CPU
		Release|Any CPU = Release|Any CPU
	EndGlobalSection
	GlobalSection(ProjectConfigurationPlatforms) = postSolution
		{C2451087-9BF5-4BB7-8430-F14F4F9B497D}.Debug|Any CPU.ActiveCfg = Debug|Any CPU
		{C2451087-9BF5-4BB7-8430-F14F4F9B497D}.Debug|Any CPU.Build.0 = Debug|Any CPU
		{C2451087-9BF5-4BB7-8430-F14F4F9B497D}.Release|Any CPU.ActiveCfg = Release|Any CPU
		{C2451087-9BF5-4BB7-8430-F14F4F9B497D}.Release|Any CPU.Build.0 = Release|Any CPU
	EndGlobalSection
	GlobalSection(SolutionProperties) = preSolution
		HideSolutionNode = FALSE
	EndGlobalSection
	GlobalSection(ExtensibilityGlobals) = postSolution
		SolutionGuid = {18AB1B5B-D717-42D2-9EC7-19C77537BE36}
	EndGlobalSection
EndGlobal
